// !$*UTF8*$!
{
	archiveVersion = 1;
	classes = {
	};
	objectVersion = 46;
	objects = {

/* Begin PBXBuildFile section */
		4D60BAC31B517A6000F27E5A /* AppDelegate.swift in Sources */ = {isa = PBXBuildFile; fileRef = 4D60BAC21B517A6000F27E5A /* AppDelegate.swift */; };
		4D60BAC61B517A6000F27E5A /* CoreDataManager.xcdatamodeld in Sources */ = {isa = PBXBuildFile; fileRef = 4D60BAC41B517A6000F27E5A /* CoreDataManager.xcdatamodeld */; };
		4D60BAC81B517A6000F27E5A /* ViewController.swift in Sources */ = {isa = PBXBuildFile; fileRef = 4D60BAC71B517A6000F27E5A /* ViewController.swift */; };
		4D60BACB1B517A6000F27E5A /* Main.storyboard in Resources */ = {isa = PBXBuildFile; fileRef = 4D60BAC91B517A6000F27E5A /* Main.storyboard */; };
		4D60BACD1B517A6000F27E5A /* Images.xcassets in Resources */ = {isa = PBXBuildFile; fileRef = 4D60BACC1B517A6000F27E5A /* Images.xcassets */; };
		4D60BAD01B517A6000F27E5A /* LaunchScreen.xib in Resources */ = {isa = PBXBuildFile; fileRef = 4D60BACE1B517A6000F27E5A /* LaunchScreen.xib */; };
		4D60BADC1B517A6000F27E5A /* CoreDataManagerTests.swift in Sources */ = {isa = PBXBuildFile; fileRef = 4D60BADB1B517A6000F27E5A /* CoreDataManagerTests.swift */; };
		4D60BAE61B517D2200F27E5A /* CoreDataManager.swift in Sources */ = {isa = PBXBuildFile; fileRef = 4D60BAE51B517D2200F27E5A /* CoreDataManager.swift */; };
/* End PBXBuildFile section */

/* Begin PBXContainerItemProxy section */
		4D60BAD61B517A6000F27E5A /* PBXContainerItemProxy */ = {
			isa = PBXContainerItemProxy;
			containerPortal = 4D60BAB51B517A6000F27E5A /* Project object */;
			proxyType = 1;
			remoteGlobalIDString = 4D60BABC1B517A6000F27E5A;
			remoteInfo = CoreDataManager;
		};
/* End PBXContainerItemProxy section */

/* Begin PBXFileReference section */
		4D60BABD1B517A6000F27E5A /* CoreDataManager.app */ = {isa = PBXFileReference; explicitFileType = wrapper.application; includeInIndex = 0; path = CoreDataManager.app; sourceTree = BUILT_PRODUCTS_DIR; };
		4D60BAC11B517A6000F27E5A /* Info.plist */ = {isa = PBXFileReference; lastKnownFileType = text.plist.xml; path = Info.plist; sourceTree = "<group>"; };
		4D60BAC21B517A6000F27E5A /* AppDelegate.swift */ = {isa = PBXFileReference; lastKnownFileType = sourcecode.swift; path = AppDelegate.swift; sourceTree = "<group>"; };
		4D60BAC51B517A6000F27E5A /* CoreDataManager.xcdatamodel */ = {isa = PBXFileReference; lastKnownFileType = wrapper.xcdatamodel; path = CoreDataManager.xcdatamodel; sourceTree = "<group>"; };
		4D60BAC71B517A6000F27E5A /* ViewController.swift */ = {isa = PBXFileReference; lastKnownFileType = sourcecode.swift; path = ViewController.swift; sourceTree = "<group>"; };
		4D60BACA1B517A6000F27E5A /* Base */ = {isa = PBXFileReference; lastKnownFileType = file.storyboard; name = Base; path = Base.lproj/Main.storyboard; sourceTree = "<group>"; };
		4D60BACC1B517A6000F27E5A /* Images.xcassets */ = {isa = PBXFileReference; lastKnownFileType = folder.assetcatalog; path = Images.xcassets; sourceTree = "<group>"; };
		4D60BACF1B517A6000F27E5A /* Base */ = {isa = PBXFileReference; lastKnownFileType = file.xib; name = Base; path = Base.lproj/LaunchScreen.xib; sourceTree = "<group>"; };
		4D60BAD51B517A6000F27E5A /* CoreDataManagerTests.xctest */ = {isa = PBXFileReference; explicitFileType = wrapper.cfbundle; includeInIndex = 0; path = CoreDataManagerTests.xctest; sourceTree = BUILT_PRODUCTS_DIR; };
		4D60BADA1B517A6000F27E5A /* Info.plist */ = {isa = PBXFileReference; lastKnownFileType = text.plist.xml; path = Info.plist; sourceTree = "<group>"; };
		4D60BADB1B517A6000F27E5A /* CoreDataManagerTests.swift */ = {isa = PBXFileReference; lastKnownFileType = sourcecode.swift; path = CoreDataManagerTests.swift; sourceTree = "<group>"; };
		4D60BAE51B517D2200F27E5A /* CoreDataManager.swift */ = {isa = PBXFileReference; fileEncoding = 4; lastKnownFileType = sourcecode.swift; path = CoreDataManager.swift; sourceTree = "<group>"; };
/* End PBXFileReference section */

/* Begin PBXFrameworksBuildPhase section */
		4D60BABA1B517A6000F27E5A /* Frameworks */ = {
			isa = PBXFrameworksBuildPhase;
			buildActionMask = 2147483647;
			files = (
			);
			runOnlyForDeploymentPostprocessing = 0;
		};
		4D60BAD21B517A6000F27E5A /* Frameworks */ = {
			isa = PBXFrameworksBuildPhase;
			buildActionMask = 2147483647;
			files = (
			);
			runOnlyForDeploymentPostprocessing = 0;
		};
/* End PBXFrameworksBuildPhase section */

/* Begin PBXGroup section */
		4D60BAB41B517A6000F27E5A = {
			isa = PBXGroup;
			children = (
				4D60BABF1B517A6000F27E5A /* CoreDataManager */,
				4D60BAD81B517A6000F27E5A /* CoreDataManagerTests */,
				4D60BABE1B517A6000F27E5A /* Products */,
			);
			sourceTree = "<group>";
		};
		4D60BABE1B517A6000F27E5A /* Products */ = {
			isa = PBXGroup;
			children = (
				4D60BABD1B517A6000F27E5A /* CoreDataManager.app */,
				4D60BAD51B517A6000F27E5A /* CoreDataManagerTests.xctest */,
			);
			name = Products;
			sourceTree = "<group>";
		};
		4D60BABF1B517A6000F27E5A /* CoreDataManager */ = {
			isa = PBXGroup;
			children = (
				4D60BAEA1B51857400F27E5A /* Model */,
				4D60BAE91B51856600F27E5A /* Controllers */,
				4D60BAC21B517A6000F27E5A /* AppDelegate.swift */,
				4D60BAC91B517A6000F27E5A /* Main.storyboard */,
				4D60BACC1B517A6000F27E5A /* Images.xcassets */,
				4D60BACE1B517A6000F27E5A /* LaunchScreen.xib */,
				4D60BAC01B517A6000F27E5A /* Supporting Files */,
			);
			path = CoreDataManager;
			sourceTree = "<group>";
		};
		4D60BAC01B517A6000F27E5A /* Supporting Files */ = {
			isa = PBXGroup;
			children = (
				4D60BAC11B517A6000F27E5A /* Info.plist */,
			);
			name = "Supporting Files";
			sourceTree = "<group>";
		};
		4D60BAD81B517A6000F27E5A /* CoreDataManagerTests */ = {
			isa = PBXGroup;
			children = (
				4D60BADB1B517A6000F27E5A /* CoreDataManagerTests.swift */,
				4D60BAD91B517A6000F27E5A /* Supporting Files */,
			);
			path = CoreDataManagerTests;
			sourceTree = "<group>";
		};
		4D60BAD91B517A6000F27E5A /* Supporting Files */ = {
			isa = PBXGroup;
			children = (
				4D60BADA1B517A6000F27E5A /* Info.plist */,
			);
			name = "Supporting Files";
			sourceTree = "<group>";
		};
		4D60BAE91B51856600F27E5A /* Controllers */ = {
			isa = PBXGroup;
			children = (
				4D60BAC71B517A6000F27E5A /* ViewController.swift */,
			);
			name = Controllers;
			sourceTree = "<group>";
		};
		4D60BAEA1B51857400F27E5A /* Model */ = {
			isa = PBXGroup;
			children = (
				4D60BAC41B517A6000F27E5A /* CoreDataManager.xcdatamodeld */,
				4D60BAE51B517D2200F27E5A /* CoreDataManager.swift */,
			);
			name = Model;
			sourceTree = "<group>";
		};
/* End PBXGroup section */

/* Begin PBXNativeTarget section */
		4D60BABC1B517A6000F27E5A /* CoreDataManager */ = {
			isa = PBXNativeTarget;
			buildConfigurationList = 4D60BADF1B517A6100F27E5A /* Build configuration list for PBXNativeTarget "CoreDataManager" */;
			buildPhases = (
				4D60BAB91B517A6000F27E5A /* Sources */,
				4D60BABA1B517A6000F27E5A /* Frameworks */,
				4D60BABB1B517A6000F27E5A /* Resources */,
			);
			buildRules = (
			);
			dependencies = (
			);
			name = CoreDataManager;
			productName = CoreDataManager;
			productReference = 4D60BABD1B517A6000F27E5A /* CoreDataManager.app */;
			productType = "com.apple.product-type.application";
		};
		4D60BAD41B517A6000F27E5A /* CoreDataManagerTests */ = {
			isa = PBXNativeTarget;
			buildConfigurationList = 4D60BAE21B517A6100F27E5A /* Build configuration list for PBXNativeTarget "CoreDataManagerTests" */;
			buildPhases = (
				4D60BAD11B517A6000F27E5A /* Sources */,
				4D60BAD21B517A6000F27E5A /* Frameworks */,
				4D60BAD31B517A6000F27E5A /* Resources */,
			);
			buildRules = (
			);
			dependencies = (
				4D60BAD71B517A6000F27E5A /* PBXTargetDependency */,
			);
			name = CoreDataManagerTests;
			productName = CoreDataManagerTests;
			productReference = 4D60BAD51B517A6000F27E5A /* CoreDataManagerTests.xctest */;
			productType = "com.apple.product-type.bundle.unit-test";
		};
/* End PBXNativeTarget section */

/* Begin PBXProject section */
		4D60BAB51B517A6000F27E5A /* Project object */ = {
			isa = PBXProject;
			attributes = {
				LastSwiftMigration = 0730;
				LastSwiftUpdateCheck = 0730;
				LastUpgradeCheck = 0730;
				ORGANIZATIONNAME = jamartinez;
				TargetAttributes = {
					4D60BABC1B517A6000F27E5A = {
						CreatedOnToolsVersion = 6.4;
					};
					4D60BAD41B517A6000F27E5A = {
						CreatedOnToolsVersion = 6.4;
						TestTargetID = 4D60BABC1B517A6000F27E5A;
					};
				};
			};
			buildConfigurationList = 4D60BAB81B517A6000F27E5A /* Build configuration list for PBXProject "CoreDataManager" */;
			compatibilityVersion = "Xcode 3.2";
			developmentRegion = English;
			hasScannedForEncodings = 0;
			knownRegions = (
				en,
				Base,
			);
			mainGroup = 4D60BAB41B517A6000F27E5A;
			productRefGroup = 4D60BABE1B517A6000F27E5A /* Products */;
			projectDirPath = "";
			projectRoot = "";
			targets = (
				4D60BABC1B517A6000F27E5A /* CoreDataManager */,
				4D60BAD41B517A6000F27E5A /* CoreDataManagerTests */,
			);
		};
/* End PBXProject section */

/* Begin PBXResourcesBuildPhase section */
		4D60BABB1B517A6000F27E5A /* Resources */ = {
			isa = PBXResourcesBuildPhase;
			buildActionMask = 2147483647;
			files = (
				4D60BACB1B517A6000F27E5A /* Main.storyboard in Resources */,
				4D60BAD01B517A6000F27E5A /* LaunchScreen.xib in Resources */,
				4D60BACD1B517A6000F27E5A /* Images.xcassets in Resources */,
			);
			runOnlyForDeploymentPostprocessing = 0;
		};
		4D60BAD31B517A6000F27E5A /* Resources */ = {
			isa = PBXResourcesBuildPhase;
			buildActionMask = 2147483647;
			files = (
			);
			runOnlyForDeploymentPostprocessing = 0;
		};
/* End PBXResourcesBuildPhase section */

/* Begin PBXSourcesBuildPhase section */
		4D60BAB91B517A6000F27E5A /* Sources */ = {
			isa = PBXSourcesBuildPhase;
			buildActionMask = 2147483647;
			files = (
				4D60BAC81B517A6000F27E5A /* ViewController.swift in Sources */,
				4D60BAC61B517A6000F27E5A /* CoreDataManager.xcdatamodeld in Sources */,
				4D60BAE61B517D2200F27E5A /* CoreDataManager.swift in Sources */,
				4D60BAC31B517A6000F27E5A /* AppDelegate.swift in Sources */,
			);
			runOnlyForDeploymentPostprocessing = 0;
		};
		4D60BAD11B517A6000F27E5A /* Sources */ = {
			isa = PBXSourcesBuildPhase;
			buildActionMask = 2147483647;
			files = (
				4D60BADC1B517A6000F27E5A /* CoreDataManagerTests.swift in Sources */,
			);
			runOnlyForDeploymentPostprocessing = 0;
		};
/* End PBXSourcesBuildPhase section */

/* Begin PBXTargetDependency section */
		4D60BAD71B517A6000F27E5A /* PBXTargetDependency */ = {
			isa = PBXTargetDependency;
			target = 4D60BABC1B517A6000F27E5A /* CoreDataManager */;
			targetProxy = 4D60BAD61B517A6000F27E5A /* PBXContainerItemProxy */;
		};
/* End PBXTargetDependency section */

/* Begin PBXVariantGroup section */
		4D60BAC91B517A6000F27E5A /* Main.storyboard */ = {
			isa = PBXVariantGroup;
			children = (
				4D60BACA1B517A6000F27E5A /* Base */,
			);
			name = Main.storyboard;
			sourceTree = "<group>";
		};
		4D60BACE1B517A6000F27E5A /* LaunchScreen.xib */ = {
			isa = PBXVariantGroup;
			children = (
				4D60BACF1B517A6000F27E5A /* Base */,
			);
			name = LaunchScreen.xib;
			sourceTree = "<group>";
		};
/* End PBXVariantGroup section */

/* Begin XCBuildConfiguration section */
		4D60BADD1B517A6100F27E5A /* Debug */ = {
			isa = XCBuildConfiguration;
			buildSettings = {
				ALWAYS_SEARCH_USER_PATHS = NO;
				CLANG_CXX_LANGUAGE_STANDARD = "gnu++0x";
				CLANG_CXX_LIBRARY = "libc++";
				CLANG_ENABLE_MODULES = YES;
				CLANG_ENABLE_OBJC_ARC = YES;
				CLANG_WARN_BOOL_CONVERSION = YES;
				CLANG_WARN_CONSTANT_CONVERSION = YES;
				CLANG_WARN_DIRECT_OBJC_ISA_USAGE = YES_ERROR;
				CLANG_WARN_EMPTY_BODY = YES;
				CLANG_WARN_ENUM_CONVERSION = YES;
				CLANG_WARN_INT_CONVERSION = YES;
				CLANG_WARN_OBJC_ROOT_CLASS = YES_ERROR;
				CLANG_WARN_UNREACHABLE_CODE = YES;
				CLANG_WARN__DUPLICATE_METHOD_MATCH = YES;
				"CODE_SIGN_IDENTITY[sdk=iphoneos*]" = "iPhone Developer";
				COPY_PHASE_STRIP = NO;
				DEBUG_INFORMATION_FORMAT = "dwarf-with-dsym";
				ENABLE_STRICT_OBJC_MSGSEND = YES;
				ENABLE_TESTABILITY = YES;
				GCC_C_LANGUAGE_STANDARD = gnu99;
				GCC_DYNAMIC_NO_PIC = NO;
				GCC_NO_COMMON_BLOCKS = YES;
				GCC_OPTIMIZATION_LEVEL = 0;
				GCC_PREPROCESSOR_DEFINITIONS = (
					"DEBUG=1",
					"$(inherited)",
				);
				GCC_SYMBOLS_PRIVATE_EXTERN = NO;
				GCC_WARN_64_TO_32_BIT_CONVERSION = YES;
				GCC_WARN_ABOUT_RETURN_TYPE = YES_ERROR;
				GCC_WARN_UNDECLARED_SELECTOR = YES;
				GCC_WARN_UNINITIALIZED_AUTOS = YES_AGGRESSIVE;
				GCC_WARN_UNUSED_FUNCTION = YES;
				GCC_WARN_UNUSED_VARIABLE = YES;
				IPHONEOS_DEPLOYMENT_TARGET = 8.4;
				MTL_ENABLE_DEBUG_INFO = YES;
				ONLY_ACTIVE_ARCH = YES;
				SDKROOT = iphoneos;
				SWIFT_OPTIMIZATION_LEVEL = "-Onone";
			};
			name = Debug;
		};
		4D60BADE1B517A6100F27E5A /* Release */ = {
			isa = XCBuildConfiguration;
			buildSettings = {
				ALWAYS_SEARCH_USER_PATHS = NO;
				CLANG_CXX_LANGUAGE_STANDARD = "gnu++0x";
				CLANG_CXX_LIBRARY = "libc++";
				CLANG_ENABLE_MODULES = YES;
				CLANG_ENABLE_OBJC_ARC = YES;
				CLANG_WARN_BOOL_CONVERSION = YES;
				CLANG_WARN_CONSTANT_CONVERSION = YES;
				CLANG_WARN_DIRECT_OBJC_ISA_USAGE = YES_ERROR;
				CLANG_WARN_EMPTY_BODY = YES;
				CLANG_WARN_ENUM_CONVERSION = YES;
				CLANG_WARN_INT_CONVERSION = YES;
				CLANG_WARN_OBJC_ROOT_CLASS = YES_ERROR;
				CLANG_WARN_UNREACHABLE_CODE = YES;
				CLANG_WARN__DUPLICATE_METHOD_MATCH = YES;
				"CODE_SIGN_IDENTITY[sdk=iphoneos*]" = "iPhone Developer";
				COPY_PHASE_STRIP = NO;
				DEBUG_INFORMATION_FORMAT = "dwarf-with-dsym";
				ENABLE_NS_ASSERTIONS = NO;
				ENABLE_STRICT_OBJC_MSGSEND = YES;
				GCC_C_LANGUAGE_STANDARD = gnu99;
				GCC_NO_COMMON_BLOCKS = YES;
				GCC_WARN_64_TO_32_BIT_CONVERSION = YES;
				GCC_WARN_ABOUT_RETURN_TYPE = YES_ERROR;
				GCC_WARN_UNDECLARED_SELECTOR = YES;
				GCC_WARN_UNINITIALIZED_AUTOS = YES_AGGRESSIVE;
				GCC_WARN_UNUSED_FUNCTION = YES;
				GCC_WARN_UNUSED_VARIABLE = YES;
				IPHONEOS_DEPLOYMENT_TARGET = 8.4;
				MTL_ENABLE_DEBUG_INFO = NO;
				SDKROOT = iphoneos;
				VALIDATE_PRODUCT = YES;
			};
			name = Release;
		};
		4D60BAE01B517A6100F27E5A /* Debug */ = {
			isa = XCBuildConfiguration;
			buildSettings = {
				ASSETCATALOG_COMPILER_APPICON_NAME = AppIcon;
				CLANG_ENABLE_MODULES = YES;
				INFOPLIST_FILE = CoreDataManager/Info.plist;
				LD_RUNPATH_SEARCH_PATHS = "$(inherited) @executable_path/Frameworks";
				PRODUCT_BUNDLE_IDENTIFIER = "com.jamartinez.es.$(PRODUCT_NAME:rfc1034identifier)";
				PRODUCT_NAME = "$(TARGET_NAME)";
				SWIFT_OPTIMIZATION_LEVEL = "-Onone";
			};
			name = Debug;
		};
		4D60BAE11B517A6100F27E5A /* Release */ = {
			isa = XCBuildConfiguration;
			buildSettings = {
				ASSETCATALOG_COMPILER_APPICON_NAME = AppIcon;
				CLANG_ENABLE_MODULES = YES;
				INFOPLIST_FILE = CoreDataManager/Info.plist;
				LD_RUNPATH_SEARCH_PATHS = "$(inherited) @executable_path/Frameworks";
				PRODUCT_BUNDLE_IDENTIFIER = "com.jamartinez.es.$(PRODUCT_NAME:rfc1034identifier)";
				PRODUCT_NAME = "$(TARGET_NAME)";
			};
			name = Release;
		};
		4D60BAE31B517A6100F27E5A /* Debug */ = {
			isa = XCBuildConfiguration;
			buildSettings = {
				BUNDLE_LOADER = "$(TEST_HOST)";
				FRAMEWORK_SEARCH_PATHS = (
					"$(SDKROOT)/Developer/Library/Frameworks",
					"$(inherited)",
				);
				GCC_PREPROCESSOR_DEFINITIONS = (
					"DEBUG=1",
					"$(inherited)",
				);
				INFOPLIST_FILE = CoreDataManagerTests/Info.plist;
				LD_RUNPATH_SEARCH_PATHS = "$(inherited) @executable_path/Frameworks @loader_path/Frameworks";
				PRODUCT_BUNDLE_IDENTIFIER = "com.jamartinez.es.$(PRODUCT_NAME:rfc1034identifier)";
				PRODUCT_NAME = "$(TARGET_NAME)";
				TEST_HOST = "$(BUILT_PRODUCTS_DIR)/CoreDataManager.app/CoreDataManager";
			};
			name = Debug;
		};
		4D60BAE41B517A6100F27E5A /* Release */ = {
			isa = XCBuildConfiguration;
			buildSettings = {
				BUNDLE_LOADER = "$(TEST_HOST)";
				FRAMEWORK_SEARCH_PATHS = (
					"$(SDKROOT)/Developer/Library/Frameworks",
					"$(inherited)",
				);
				INFOPLIST_FILE = CoreDataManagerTests/Info.plist;
				LD_RUNPATH_SEARCH_PATHS = "$(inherited) @executable_path/Frameworks @loader_path/Frameworks";
				PRODUCT_BUNDLE_IDENTIFIER = "com.jamartinez.es.$(PRODUCT_NAME:rfc1034identifier)";
				PRODUCT_NAME = "$(TARGET_NAME)";
				TEST_HOST = "$(BUILT_PRODUCTS_DIR)/CoreDataManager.app/CoreDataManager";
			};
			name = Release;
		};
/* End XCBuildConfiguration section */

/* Begin XCConfigurationList section */
		4D60BAB81B517A6000F27E5A /* Build configuration list for PBXProject "CoreDataManager" */ = {
			isa = XCConfigurationList;
			buildConfigurations = (
				4D60BADD1B517A6100F27E5A /* Debug */,
				4D60BADE1B517A6100F27E5A /* Release */,
			);
			defaultConfigurationIsVisible = 0;
			defaultConfigurationName = Release;
		};
		4D60BADF1B517A6100F27E5A /* Build configuration list for PBXNativeTarget "CoreDataManager" */ = {
			isa = XCConfigurationList;
			buildConfigurations = (
				4D60BAE01B517A6100F27E5A /* Debug */,
				4D60BAE11B517A6100F27E5A /* Release */,
			);
			defaultConfigurationIsVisible = 0;
			defaultConfigurationName = Release;
		};
		4D60BAE21B517A6100F27E5A /* Build configuration list for PBXNativeTarget "CoreDataManagerTests" */ = {
			isa = XCConfigurationList;
			buildConfigurations = (
				4D60BAE31B517A6100F27E5A /* Debug */,
				4D60BAE41B517A6100F27E5A /* Release */,
			);
			defaultConfigurationIsVisible = 0;
			defaultConfigurationName = Release;
		};
/* End XCConfigurationList section */

/* Begin XCVersionGroup section */
		4D60BAC41B517A6000F27E5A /* CoreDataManager.xcdatamodeld */ = {
			isa = XCVersionGroup;
			children = (
				4D60BAC51B517A6000F27E5A /* CoreDataManager.xcdatamodel */,
			);
			currentVersion = 4D60BAC51B517A6000F27E5A /* CoreDataManager.xcdatamodel */;
			path = CoreDataManager.xcdatamodeld;
			sourceTree = "<group>";
			versionGroupType = wrapper.xcdatamodel;
		};
/* End XCVersionGroup section */
	};
	rootObject = 4D60BAB51B517A6000F27E5A /* Project object */;
}
